{
  "name": "@ay/env",
  "version": "1.1.1",
  "lockfileVersion": 1,
  "requires": true,
  "dependencies": {
    "@ay/util": {
      "version": "6.4.1",
      "resolved": "https://npm.anyong.com.tw/@ay%2futil/-/util-6.4.1.tgz",
      "integrity": "sha512-5QCmeENkIpJ78xH41aneCt8RRsQH3FuaC/W4tuEr+7caZSf6dbezw1sO0BsFcLda/y7MWnlMFG+Zhz2ZAf8pWQ=="
    },
    "@types/node": {
      "version": "11.15.16",
      "resolved": "https://npm.anyong.com.tw/@types%2fnode/-/node-11.15.16.tgz",
      "integrity": "sha512-QUb2Wgrw0aq7Pfk9LhjOXrnm8E7CmwHSa5fy0IYvxWSujNVV0wDkaGxnAsu2WZcdYRBerYqnf6e6Qiq1FkBxGw==",
      "dev": true
    },
    "rxjs": {
      "version": "6.6.0",
      "resolved": "https://npm.anyong.com.tw/rxjs/-/rxjs-6.6.0.tgz",
      "integrity": "sha512-3HMA8z/Oz61DUHe+SdOiQyzIf4tOx5oQHmMir7IZEu6TMqCLHT4LRcmNaUS0NwOz8VLvmmBduMsoaUvMaIiqzg==",
      "dev": true,
      "requires": {
        "tslib": "^1.9.0"
      }
    },
    "tslib": {
      "version": "1.13.0",
      "resolved": "https://npm.anyong.com.tw/tslib/-/tslib-1.13.0.tgz",
      "integrity": "sha512-i/6DQjL8Xf3be4K/E6Wgpekn5Qasl1usyw++dAA35Ue5orEn65VIxOA+YvNNl9HV3qv70T7CNwjODHZrLwvd1Q==",
      "dev": true
    },
    "typescript": {
      "version": "3.9.6",
      "resolved": "https://npm.anyong.com.tw/typescript/-/typescript-3.9.6.tgz",
      "integrity": "sha512-Pspx3oKAPJtjNwE92YS05HQoY7z2SFyOpHo9MqJor3BXAGNaPUs83CuVp9VISFkSjyRfiTpmKuAYGJB7S7hOxw==",
      "dev": true
    }
  }
}
